// !$*UTF8*$!
{
	archiveVersion = 1;
	classes = {
	};
	objectVersion = 55;
	objects = {

/* Begin PBXBuildFile section */
		4728644127D1A9CD00FCE454 /* UI_491App.swift in Sources */ = {isa = PBXBuildFile; fileRef = 4728644027D1A9CD00FCE454 /* UI_491App.swift */; };
		4728644327D1A9CD00FCE454 /* ContentView.swift in Sources */ = {isa = PBXBuildFile; fileRef = 4728644227D1A9CD00FCE454 /* ContentView.swift */; };
		4728644527D1A9CE00FCE454 /* Assets.xcassets in Resources */ = {isa = PBXBuildFile; fileRef = 4728644427D1A9CE00FCE454 /* Assets.xcassets */; };
		4728644827D1A9CE00FCE454 /* Preview Assets.xcassets in Resources */ = {isa = PBXBuildFile; fileRef = 4728644727D1A9CE00FCE454 /* Preview Assets.xcassets */; };
		4728645227D1A9CF00FCE454 /* UI_491Tests.swift in Sources */ = {isa = PBXBuildFile; fileRef = 4728645127D1A9CF00FCE454 /* UI_491Tests.swift */; };
		4728645C27D1A9CF00FCE454 /* UI_491UITests.swift in Sources */ = {isa = PBXBuildFile; fileRef = 4728645B27D1A9CF00FCE454 /* UI_491UITests.swift */; };
		4728645E27D1A9CF00FCE454 /* UI_491UITestsLaunchTests.swift in Sources */ = {isa = PBXBuildFile; fileRef = 4728645D27D1A9CF00FCE454 /* UI_491UITestsLaunchTests.swift */; };
		4728646D27D1A9E800FCE454 /* User.swift in Sources */ = {isa = PBXBuildFile; fileRef = 4728646C27D1A9E800FCE454 /* User.swift */; };
		4728646F27D1AA1E00FCE454 /* DateValue.swift in Sources */ = {isa = PBXBuildFile; fileRef = 4728646E27D1AA1E00FCE454 /* DateValue.swift */; };
		4728647127D1AA4800FCE454 /* Home.swift in Sources */ = {isa = PBXBuildFile; fileRef = 4728647027D1AA4800FCE454 /* Home.swift */; };
		4728647327D1AD7C00FCE454 /* UserCardView.swift in Sources */ = {isa = PBXBuildFile; fileRef = 4728647227D1AD7C00FCE454 /* UserCardView.swift */; };
		4778E22B27D1B595003CFD93 /* CustomDatePicker.swift in Sources */ = {isa = PBXBuildFile; fileRef = 4778E22A27D1B595003CFD93 /* CustomDatePicker.swift */; };
/* End PBXBuildFile section */

/* Begin PBXContainerItemProxy section */
		4728644E27D1A9CF00FCE454 /* PBXContainerItemProxy */ = {
			isa = PBXContainerItemProxy;
			containerPortal = 4728643527D1A9CD00FCE454 /* Project object */;
			proxyType = 1;
			remoteGlobalIDString = 4728643C27D1A9CD00FCE454;
			remoteInfo = "UI-491";
		};
		4728645827D1A9CF00FCE454 /* PBXContainerItemProxy */ = {
			isa = PBXContainerItemProxy;
			containerPortal = 4728643527D1A9CD00FCE454 /* Project object */;
			proxyType = 1;
			remoteGlobalIDString = 4728643C27D1A9CD00FCE454;
			remoteInfo = "UI-491";
		};
/* End PBXContainerItemProxy section */

/* Begin PBXFileReference section */
		47181A5E27D1C0F5003B88C1 /* Info.plist */ = {isa = PBXFileReference; lastKnownFileType = text.plist; path = Info.plist; sourceTree = "<group>"; };
		4728643D27D1A9CD00FCE454 /* UI-491.app */ = {isa = PBXFileReference; explicitFileType = wrapper.application; includeInIndex = 0; path = "UI-491.app"; sourceTree = BUILT_PRODUCTS_DIR; };
		4728644027D1A9CD00FCE454 /* UI_491App.swift */ = {isa = PBXFileReference; lastKnownFileType = sourcecode.swift; path = UI_491App.swift; sourceTree = "<group>"; };
		4728644227D1A9CD00FCE454 /* ContentView.swift */ = {isa = PBXFileReference; lastKnownFileType = sourcecode.swift; path = ContentView.swift; sourceTree = "<group>"; };
		4728644427D1A9CE00FCE454 /* Assets.xcassets */ = {isa = PBXFileReference; lastKnownFileType = folder.assetcatalog; path = Assets.xcassets; sourceTree = "<group>"; };
		4728644727D1A9CE00FCE454 /* Preview Assets.xcassets */ = {isa = PBXFileReference; lastKnownFileType = folder.assetcatalog; path = "Preview Assets.xcassets"; sourceTree = "<group>"; };
		4728644D27D1A9CF00FCE454 /* UI-491Tests.xctest */ = {isa = PBXFileReference; explicitFileType = wrapper.cfbundle; includeInIndex = 0; path = "UI-491Tests.xctest"; sourceTree = BUILT_PRODUCTS_DIR; };
		4728645127D1A9CF00FCE454 /* UI_491Tests.swift */ = {isa = PBXFileReference; lastKnownFileType = sourcecode.swift; path = UI_491Tests.swift; sourceTree = "<group>"; };
		4728645727D1A9CF00FCE454 /* UI-491UITests.xctest */ = {isa = PBXFileReference; explicitFileType = wrapper.cfbundle; includeInIndex = 0; path = "UI-491UITests.xctest"; sourceTree = BUILT_PRODUCTS_DIR; };
		4728645B27D1A9CF00FCE454 /* UI_491UITests.swift */ = {isa = PBXFileReference; lastKnownFileType = sourcecode.swift; path = UI_491UITests.swift; sourceTree = "<group>"; };
		4728645D27D1A9CF00FCE454 /* UI_491UITestsLaunchTests.swift */ = {isa = PBXFileReference; lastKnownFileType = sourcecode.swift; path = UI_491UITestsLaunchTests.swift; sourceTree = "<group>"; };
		4728646C27D1A9E800FCE454 /* User.swift */ = {isa = PBXFileReference; lastKnownFileType = sourcecode.swift; path = User.swift; sourceTree = "<group>"; };
		4728646E27D1AA1E00FCE454 /* DateValue.swift */ = {isa = PBXFileReference; lastKnownFileType = sourcecode.swift; path = DateValue.swift; sourceTree = "<group>"; };
		4728647027D1AA4800FCE454 /* Home.swift */ = {isa = PBXFileReference; lastKnownFileType = sourcecode.swift; path = Home.swift; sourceTree = "<group>"; };
		4728647227D1AD7C00FCE454 /* UserCardView.swift */ = {isa = PBXFileReference; lastKnownFileType = sourcecode.swift; path = UserCardView.swift; sourceTree = "<group>"; };
		4778E22A27D1B595003CFD93 /* CustomDatePicker.swift */ = {isa = PBXFileReference; lastKnownFileType = sourcecode.swift; path = CustomDatePicker.swift; sourceTree = "<group>"; };
/* End PBXFileReference section */

/* Begin PBXFrameworksBuildPhase section */
		4728643A27D1A9CD00FCE454 /* Frameworks */ = {
			isa = PBXFrameworksBuildPhase;
			buildActionMask = 2147483647;
			files = (
			);
			runOnlyForDeploymentPostprocessing = 0;
		};
		4728644A27D1A9CF00FCE454 /* Frameworks */ = {
			isa = PBXFrameworksBuildPhase;
			buildActionMask = 2147483647;
			files = (
			);
			runOnlyForDeploymentPostprocessing = 0;
		};
		4728645427D1A9CF00FCE454 /* Frameworks */ = {
			isa = PBXFrameworksBuildPhase;
			buildActionMask = 2147483647;
			files = (
			);
			runOnlyForDeploymentPostprocessing = 0;
		};
/* End PBXFrameworksBuildPhase section */

/* Begin PBXGroup section */
		4728643427D1A9CD00FCE454 = {
			isa = PBXGroup;
			children = (
				4728643F27D1A9CD00FCE454 /* UI-491 */,
				4728645027D1A9CF00FCE454 /* UI-491Tests */,
				4728645A27D1A9CF00FCE454 /* UI-491UITests */,
				4728643E27D1A9CD00FCE454 /* Products */,
			);
			sourceTree = "<group>";
		};
		4728643E27D1A9CD00FCE454 /* Products */ = {
			isa = PBXGroup;
			children = (
				4728643D27D1A9CD00FCE454 /* UI-491.app */,
				4728644D27D1A9CF00FCE454 /* UI-491Tests.xctest */,
				4728645727D1A9CF00FCE454 /* UI-491UITests.xctest */,
			);
			name = Products;
			sourceTree = "<group>";
		};
		4728643F27D1A9CD00FCE454 /* UI-491 */ = {
			isa = PBXGroup;
			children = (
				47181A5E27D1C0F5003B88C1 /* Info.plist */,
				4728646B27D1A9E200FCE454 /* Model */,
				4728646A27D1A9DF00FCE454 /* View */,
				4728644027D1A9CD00FCE454 /* UI_491App.swift */,
				4728644227D1A9CD00FCE454 /* ContentView.swift */,
				4728644427D1A9CE00FCE454 /* Assets.xcassets */,
				4728644627D1A9CE00FCE454 /* Preview Content */,
			);
			path = "UI-491";
			sourceTree = "<group>";
		};
		4728644627D1A9CE00FCE454 /* Preview Content */ = {
			isa = PBXGroup;
			children = (
				4728644727D1A9CE00FCE454 /* Preview Assets.xcassets */,
			);
			path = "Preview Content";
			sourceTree = "<group>";
		};
		4728645027D1A9CF00FCE454 /* UI-491Tests */ = {
			isa = PBXGroup;
			children = (
				4728645127D1A9CF00FCE454 /* UI_491Tests.swift */,
			);
			path = "UI-491Tests";
			sourceTree = "<group>";
		};
		4728645A27D1A9CF00FCE454 /* UI-491UITests */ = {
			isa = PBXGroup;
			children = (
				4728645B27D1A9CF00FCE454 /* UI_491UITests.swift */,
				4728645D27D1A9CF00FCE454 /* UI_491UITestsLaunchTests.swift */,
			);
			path = "UI-491UITests";
			sourceTree = "<group>";
		};
		4728646A27D1A9DF00FCE454 /* View */ = {
			isa = PBXGroup;
			children = (
				4728647027D1AA4800FCE454 /* Home.swift */,
				4728647227D1AD7C00FCE454 /* UserCardView.swift */,
				4778E22A27D1B595003CFD93 /* CustomDatePicker.swift */,
			);
			path = View;
			sourceTree = "<group>";
		};
		4728646B27D1A9E200FCE454 /* Model */ = {
			isa = PBXGroup;
			children = (
				4728646C27D1A9E800FCE454 /* User.swift */,
				4728646E27D1AA1E00FCE454 /* DateValue.swift */,
			);
			path = Model;
			sourceTree = "<group>";
		};
/* End PBXGroup section */

/* Begin PBXNativeTarget section */
		4728643C27D1A9CD00FCE454 /* UI-491 */ = {
			isa = PBXNativeTarget;
			buildConfigurationList = 4728646127D1A9CF00FCE454 /* Build configuration list for PBXNativeTarget "UI-491" */;
			buildPhases = (
				4728643927D1A9CD00FCE454 /* Sources */,
				4728643A27D1A9CD00FCE454 /* Frameworks */,
				4728643B27D1A9CD00FCE454 /* Resources */,
			);
			buildRules = (
			);
			dependencies = (
			);
			name = "UI-491";
			productName = "UI-491";
			productReference = 4728643D27D1A9CD00FCE454 /* UI-491.app */;
			productType = "com.apple.product-type.application";
		};
		4728644C27D1A9CF00FCE454 /* UI-491Tests */ = {
			isa = PBXNativeTarget;
			buildConfigurationList = 4728646427D1A9CF00FCE454 /* Build configuration list for PBXNativeTarget "UI-491Tests" */;
			buildPhases = (
				4728644927D1A9CF00FCE454 /* Sources */,
				4728644A27D1A9CF00FCE454 /* Frameworks */,
				4728644B27D1A9CF00FCE454 /* Resources */,
			);
			buildRules = (
			);
			dependencies = (
				4728644F27D1A9CF00FCE454 /* PBXTargetDependency */,
			);
			name = "UI-491Tests";
			productName = "UI-491Tests";
			productReference = 4728644D27D1A9CF00FCE454 /* UI-491Tests.xctest */;
			productType = "com.apple.product-type.bundle.unit-test";
		};
		4728645627D1A9CF00FCE454 /* UI-491UITests */ = {
			isa = PBXNativeTarget;
			buildConfigurationList = 4728646727D1A9CF00FCE454 /* Build configuration list for PBXNativeTarget "UI-491UITests" */;
			buildPhases = (
				4728645327D1A9CF00FCE454 /* Sources */,
				4728645427D1A9CF00FCE454 /* Frameworks */,
				4728645527D1A9CF00FCE454 /* Resources */,
			);
			buildRules = (
			);
			dependencies = (
				4728645927D1A9CF00FCE454 /* PBXTargetDependency */,
			);
			name = "UI-491UITests";
			productName = "UI-491UITests";
			productReference = 4728645727D1A9CF00FCE454 /* UI-491UITests.xctest */;
			productType = "com.apple.product-type.bundle.ui-testing";
		};
/* End PBXNativeTarget section */

/* Begin PBXProject section */
		4728643527D1A9CD00FCE454 /* Project object */ = {
			isa = PBXProject;
			attributes = {
				BuildIndependentTargetsInParallel = 1;
				LastSwiftUpdateCheck = 1330;
				LastUpgradeCheck = 1330;
				TargetAttributes = {
					4728643C27D1A9CD00FCE454 = {
						CreatedOnToolsVersion = 13.3;
					};
					4728644C27D1A9CF00FCE454 = {
						CreatedOnToolsVersion = 13.3;
						TestTargetID = 4728643C27D1A9CD00FCE454;
					};
					4728645627D1A9CF00FCE454 = {
						CreatedOnToolsVersion = 13.3;
						TestTargetID = 4728643C27D1A9CD00FCE454;
					};
				};
			};
			buildConfigurationList = 4728643827D1A9CD00FCE454 /* Build configuration list for PBXProject "UI-491" */;
			compatibilityVersion = "Xcode 13.0";
			developmentRegion = en;
			hasScannedForEncodings = 0;
			knownRegions = (
				en,
				Base,
			);
			mainGroup = 4728643427D1A9CD00FCE454;
			productRefGroup = 4728643E27D1A9CD00FCE454 /* Products */;
			projectDirPath = "";
			projectRoot = "";
			targets = (
				4728643C27D1A9CD00FCE454 /* UI-491 */,
				4728644C27D1A9CF00FCE454 /* UI-491Tests */,
				4728645627D1A9CF00FCE454 /* UI-491UITests */,
			);
		};
/* End PBXProject section */

/* Begin PBXResourcesBuildPhase section */
		4728643B27D1A9CD00FCE454 /* Resources */ = {
			isa = PBXResourcesBuildPhase;
			buildActionMask = 2147483647;
			files = (
				4728644827D1A9CE00FCE454 /* Preview Assets.xcassets in Resources */,
				4728644527D1A9CE00FCE454 /* Assets.xcassets in Resources */,
			);
			runOnlyForDeploymentPostprocessing = 0;
		};
		4728644B27D1A9CF00FCE454 /* Resources */ = {
			isa = PBXResourcesBuildPhase;
			buildActionMask = 2147483647;
			files = (
			);
			runOnlyForDeploymentPostprocessing = 0;
		};
		4728645527D1A9CF00FCE454 /* Resources */ = {
			isa = PBXResourcesBuildPhase;
			buildActionMask = 2147483647;
			files = (
			);
			runOnlyForDeploymentPostprocessing = 0;
		};
/* End PBXResourcesBuildPhase section */

/* Begin PBXSourcesBuildPhase section */
		4728643927D1A9CD00FCE454 /* Sources */ = {
			isa = PBXSourcesBuildPhase;
			buildActionMask = 2147483647;
			files = (
				4728644327D1A9CD00FCE454 /* ContentView.swift in Sources */,
				4728646F27D1AA1E00FCE454 /* DateValue.swift in Sources */,
				4728647127D1AA4800FCE454 /* Home.swift in Sources */,
				4728647327D1AD7C00FCE454 /* UserCardView.swift in Sources */,
				4728644127D1A9CD00FCE454 /* UI_491App.swift in Sources */,
				4778E22B27D1B595003CFD93 /* CustomDatePicker.swift in Sources */,
				4728646D27D1A9E800FCE454 /* User.swift in Sources */,
			);
			runOnlyForDeploymentPostprocessing = 0;
		};
		4728644927D1A9CF00FCE454 /* Sources */ = {
			isa = PBXSourcesBuildPhase;
			buildActionMask = 2147483647;
			files = (
				4728645227D1A9CF00FCE454 /* UI_491Tests.swift in Sources */,
			);
			runOnlyForDeploymentPostprocessing = 0;
		};
		4728645327D1A9CF00FCE454 /* Sources */ = {
			isa = PBXSourcesBuildPhase;
			buildActionMask = 2147483647;
			files = (
				4728645C27D1A9CF00FCE454 /* UI_491UITests.swift in Sources */,
				4728645E27D1A9CF00FCE454 /* UI_491UITestsLaunchTests.swift in Sources */,
			);
			runOnlyForDeploymentPostprocessing = 0;
		};
/* End PBXSourcesBuildPhase section */

/* Begin PBXTargetDependency section */
		4728644F27D1A9CF00FCE454 /* PBXTargetDependency */ = {
			isa = PBXTargetDependency;
			target = 4728643C27D1A9CD00FCE454 /* UI-491 */;
			targetProxy = 4728644E27D1A9CF00FCE454 /* PBXContainerItemProxy */;
		};
		4728645927D1A9CF00FCE454 /* PBXTargetDependency */ = {
			isa = PBXTargetDependency;
			target = 4728643C27D1A9CD00FCE454 /* UI-491 */;
			targetProxy = 4728645827D1A9CF00FCE454 /* PBXContainerItemProxy */;
		};
/* End PBXTargetDependency section */

/* Begin XCBuildConfiguration section */
		4728645F27D1A9CF00FCE454 /* Debug */ = {
			isa = XCBuildConfiguration;
			buildSettings = {
				ALWAYS_SEARCH_USER_PATHS = NO;
				CLANG_ANALYZER_NONNULL = YES;
				CLANG_ANALYZER_NUMBER_OBJECT_CONVERSION = YES_AGGRESSIVE;
				CLANG_CXX_LANGUAGE_STANDARD = "gnu++17";
				CLANG_ENABLE_MODULES = YES;
				CLANG_ENABLE_OBJC_ARC = YES;
				CLANG_ENABLE_OBJC_WEAK = YES;
				CLANG_WARN_BLOCK_CAPTURE_AUTORELEASING = YES;
				CLANG_WARN_BOOL_CONVERSION = YES;
				CLANG_WARN_COMMA = YES;
				CLANG_WARN_CONSTANT_CONVERSION = YES;
				CLANG_WARN_DEPRECATED_OBJC_IMPLEMENTATIONS = YES;
				CLANG_WARN_DIRECT_OBJC_ISA_USAGE = YES_ERROR;
				CLANG_WARN_DOCUMENTATION_COMMENTS = YES;
				CLANG_WARN_EMPTY_BODY = YES;
				CLANG_WARN_ENUM_CONVERSION = YES;
				CLANG_WARN_INFINITE_RECURSION = YES;
				CLANG_WARN_INT_CONVERSION = YES;
				CLANG_WARN_NON_LITERAL_NULL_CONVERSION = YES;
				CLANG_WARN_OBJC_IMPLICIT_RETAIN_SELF = YES;
				CLANG_WARN_OBJC_LITERAL_CONVERSION = YES;
				CLANG_WARN_OBJC_ROOT_CLASS = YES_ERROR;
				CLANG_WARN_QUOTED_INCLUDE_IN_FRAMEWORK_HEADER = YES;
				CLANG_WARN_RANGE_LOOP_ANALYSIS = YES;
				CLANG_WARN_STRICT_PROTOTYPES = YES;
				CLANG_WARN_SUSPICIOUS_MOVE = YES;
				CLANG_WARN_UNGUARDED_AVAILABILITY = YES_AGGRESSIVE;
				CLANG_WARN_UNREACHABLE_CODE = YES;
				CLANG_WARN__DUPLICATE_METHOD_MATCH = YES;
				COPY_PHASE_STRIP = NO;
				DEBUG_INFORMATION_FORMAT = dwarf;
				ENABLE_STRICT_OBJC_MSGSEND = YES;
				ENABLE_TESTABILITY = YES;
				GCC_C_LANGUAGE_STANDARD = gnu11;
				GCC_DYNAMIC_NO_PIC = NO;
				GCC_NO_COMMON_BLOCKS = YES;
				GCC_OPTIMIZATION_LEVEL = 0;
				GCC_PREPROCESSOR_DEFINITIONS = (
					"DEBUG=1",
					"$(inherited)",
				);
				GCC_WARN_64_TO_32_BIT_CONVERSION = YES;
				GCC_WARN_ABOUT_RETURN_TYPE = YES_ERROR;
				GCC_WARN_UNDECLARED_SELECTOR = YES;
				GCC_WARN_UNINITIALIZED_AUTOS = YES_AGGRESSIVE;
				GCC_WARN_UNUSED_FUNCTION = YES;
				GCC_WARN_UNUSED_VARIABLE = YES;
				IPHONEOS_DEPLOYMENT_TARGET = 15.4;
				MTL_ENABLE_DEBUG_INFO = INCLUDE_SOURCE;
				MTL_FAST_MATH = YES;
				ONLY_ACTIVE_ARCH = YES;
				SDKROOT = iphoneos;
				SWIFT_ACTIVE_COMPILATION_CONDITIONS = DEBUG;
				SWIFT_OPTIMIZATION_LEVEL = "-Onone";
			};
			name = Debug;
		};
		4728646027D1A9CF00FCE454 /* Release */ = {
			isa = XCBuildConfiguration;
			buildSettings = {
				ALWAYS_SEARCH_USER_PATHS = NO;
				CLANG_ANALYZER_NONNULL = YES;
				CLANG_ANALYZER_NUMBER_OBJECT_CONVERSION = YES_AGGRESSIVE;
				CLANG_CXX_LANGUAGE_STANDARD = "gnu++17";
				CLANG_ENABLE_MODULES = YES;
				CLANG_ENABLE_OBJC_ARC = YES;
				CLANG_ENABLE_OBJC_WEAK = YES;
				CLANG_WARN_BLOCK_CAPTURE_AUTORELEASING = YES;
				CLANG_WARN_BOOL_CONVERSION = YES;
				CLANG_WARN_COMMA = YES;
				CLANG_WARN_CONSTANT_CONVERSION = YES;
				CLANG_WARN_DEPRECATED_OBJC_IMPLEMENTATIONS = YES;
				CLANG_WARN_DIRECT_OBJC_ISA_USAGE = YES_ERROR;
				CLANG_WARN_DOCUMENTATION_COMMENTS = YES;
				CLANG_WARN_EMPTY_BODY = YES;
				CLANG_WARN_ENUM_CONVERSION = YES;
				CLANG_WARN_INFINITE_RECURSION = YES;
				CLANG_WARN_INT_CONVERSION = YES;
				CLANG_WARN_NON_LITERAL_NULL_CONVERSION = YES;
				CLANG_WARN_OBJC_IMPLICIT_RETAIN_SELF = YES;
				CLANG_WARN_OBJC_LITERAL_CONVERSION = YES;
				CLANG_WARN_OBJC_ROOT_CLASS = YES_ERROR;
				CLANG_WARN_QUOTED_INCLUDE_IN_FRAMEWORK_HEADER = YES;
				CLANG_WARN_RANGE_LOOP_ANALYSIS = YES;
				CLANG_WARN_STRICT_PROTOTYPES = YES;
				CLANG_WARN_SUSPICIOUS_MOVE = YES;
				CLANG_WARN_UNGUARDED_AVAILABILITY = YES_AGGRESSIVE;
				CLANG_WARN_UNREACHABLE_CODE = YES;
				CLANG_WARN__DUPLICATE_METHOD_MATCH = YES;
				COPY_PHASE_STRIP = NO;
				DEBUG_INFORMATION_FORMAT = "dwarf-with-dsym";
				ENABLE_NS_ASSERTIONS = NO;
				ENABLE_STRICT_OBJC_MSGSEND = YES;
				GCC_C_LANGUAGE_STANDARD = gnu11;
				GCC_NO_COMMON_BLOCKS = YES;
				GCC_WARN_64_TO_32_BIT_CONVERSION = YES;
				GCC_WARN_ABOUT_RETURN_TYPE = YES_ERROR;
				GCC_WARN_UNDECLARED_SELECTOR = YES;
				GCC_WARN_UNINITIALIZED_AUTOS = YES_AGGRESSIVE;
				GCC_WARN_UNUSED_FUNCTION = YES;
				GCC_WARN_UNUSED_VARIABLE = YES;
				IPHONEOS_DEPLOYMENT_TARGET = 15.4;
				MTL_ENABLE_DEBUG_INFO = NO;
				MTL_FAST_MATH = YES;
				SDKROOT = iphoneos;
				SWIFT_COMPILATION_MODE = wholemodule;
				SWIFT_OPTIMIZATION_LEVEL = "-O";
				VALIDATE_PRODUCT = YES;
			};
			name = Release;
		};
		4728646227D1A9CF00FCE454 /* Debug */ = {
			isa = XCBuildConfiguration;
			buildSettings = {
				ASSETCATALOG_COMPILER_APPICON_NAME = AppIcon;
				ASSETCATALOG_COMPILER_GLOBAL_ACCENT_COLOR_NAME = AccentColor;
				CODE_SIGN_STYLE = Automatic;
				CURRENT_PROJECT_VERSION = 1;
				DEVELOPMENT_ASSET_PATHS = "\"UI-491/Preview Content\"";
				DEVELOPMENT_TEAM = 8CL4U468K5;
				ENABLE_PREVIEWS = YES;
				GENERATE_INFOPLIST_FILE = YES;
				INFOPLIST_FILE = "UI-491/Info.plist";
				INFOPLIST_KEY_LSApplicationCategoryType = "";
				INFOPLIST_KEY_UIApplicationSceneManifest_Generation = YES;
				INFOPLIST_KEY_UIApplicationSupportsIndirectInputEvents = YES;
				INFOPLIST_KEY_UISupportedInterfaceOrientations_iPad = "UIInterfaceOrientationPortrait UIInterfaceOrientationPortraitUpsideDown UIInterfaceOrientationLandscapeLeft UIInterfaceOrientationLandscapeRight";
				INFOPLIST_KEY_UISupportedInterfaceOrientations_iPhone = "UIInterfaceOrientationPortrait UIInterfaceOrientationLandscapeLeft UIInterfaceOrientationLandscapeRight";
				LD_RUNPATH_SEARCH_PATHS = (
					"$(inherited)",
					"@executable_path/Frameworks",
				);
				MARKETING_VERSION = 1.0;
				PRODUCT_BUNDLE_IDENTIFIER = "com.585.UI-491";
				PRODUCT_NAME = "$(TARGET_NAME)";
				SWIFT_EMIT_LOC_STRINGS = YES;
				SWIFT_VERSION = 5.0;
				TARGETED_DEVICE_FAMILY = "1,2";
			};
			name = Debug;
		};
		4728646327D1A9CF00FCE454 /* Release */ = {
			isa = XCBuildConfiguration;
			buildSettings = {
				ASSETCATALOG_COMPILER_APPICON_NAME = AppIcon;
				ASSETCATALOG_COMPILER_GLOBAL_ACCENT_COLOR_NAME = AccentColor;
				CODE_SIGN_STYLE = Automatic;
				CURRENT_PROJECT_VERSION = 1;
				DEVELOPMENT_ASSET_PATHS = "\"UI-491/Preview Content\"";
				DEVELOPMENT_TEAM = 8CL4U468K5;
				ENABLE_PREVIEWS = YES;
				GENERATE_INFOPLIST_FILE = YES;
				INFOPLIST_FILE = "UI-491/Info.plist";
				INFOPLIST_KEY_LSApplicationCategoryType = "";
				INFOPLIST_KEY_UIApplicationSceneManifest_Generation = YES;
				INFOPLIST_KEY_UIApplicationSupportsIndirectInputEvents = YES;
				INFOPLIST_KEY_UISupportedInterfaceOrientations_iPad = "UIInterfaceOrientationPortrait UIInterfaceOrientationPortraitUpsideDown UIInterfaceOrientationLandscapeLeft UIInterfaceOrientationLandscapeRight";
				INFOPLIST_KEY_UISupportedInterfaceOrientations_iPhone = "UIInterfaceOrientationPortrait UIInterfaceOrientationLandscapeLeft UIInterfaceOrientationLandscapeRight";
				LD_RUNPATH_SEARCH_PATHS = (
					"$(inherited)",
					"@executable_path/Frameworks",
				);
				MARKETING_VERSION = 1.0;
				PRODUCT_BUNDLE_IDENTIFIER = "com.585.UI-491";
				PRODUCT_NAME = "$(TARGET_NAME)";
				SWIFT_EMIT_LOC_STRINGS = YES;
				SWIFT_VERSION = 5.0;
				TARGETED_DEVICE_FAMILY = "1,2";
			};
			name = Release;
		};
		4728646527D1A9CF00FCE454 /* Debug */ = {
			isa = XCBuildConfiguration;
			buildSettings = {
				ALWAYS_EMBED_SWIFT_STANDARD_LIBRARIES = YES;
				BUNDLE_LOADER = "$(TEST_HOST)";
				CODE_SIGN_STYLE = Automatic;
				CURRENT_PROJECT_VERSION = 1;
				DEVELOPMENT_TEAM = 8CL4U468K5;
				GENERATE_INFOPLIST_FILE = YES;
				IPHONEOS_DEPLOYMENT_TARGET = 15.4;
				MARKETING_VERSION = 1.0;
				PRODUCT_BUNDLE_IDENTIFIER = "com.585.UI-491Tests";
				PRODUCT_NAME = "$(TARGET_NAME)";
				SWIFT_EMIT_LOC_STRINGS = NO;
				SWIFT_VERSION = 5.0;
				TARGETED_DEVICE_FAMILY = "1,2";
				TEST_HOST = "$(BUILT_PRODUCTS_DIR)/UI-491.app/UI-491";
			};
			name = Debug;
		};
		4728646627D1A9CF00FCE454 /* Release */ = {
			isa = XCBuildConfiguration;
			buildSettings = {
				ALWAYS_EMBED_SWIFT_STANDARD_LIBRARIES = YES;
				BUNDLE_LOADER = "$(TEST_HOST)";
				CODE_SIGN_STYLE = Automatic;
				CURRENT_PROJECT_VERSION = 1;
				DEVELOPMENT_TEAM = 8CL4U468K5;
				GENERATE_INFOPLIST_FILE = YES;
				IPHONEOS_DEPLOYMENT_TARGET = 15.4;
				MARKETING_VERSION = 1.0;
				PRODUCT_BUNDLE_IDENTIFIER = "com.585.UI-491Tests";
				PRODUCT_NAME = "$(TARGET_NAME)";
				SWIFT_EMIT_LOC_STRINGS = NO;
				SWIFT_VERSION = 5.0;
				TARGETED_DEVICE_FAMILY = "1,2";
				TEST_HOST = "$(BUILT_PRODUCTS_DIR)/UI-491.app/UI-491";
			};
			name = Release;
		};
		4728646827D1A9CF00FCE454 /* Debug */ = {
			isa = XCBuildConfiguration;
			buildSettings = {
				ALWAYS_EMBED_SWIFT_STANDARD_LIBRARIES = YES;
				CODE_SIGN_STYLE = Automatic;
				CURRENT_PROJECT_VERSION = 1;
				DEVELOPMENT_TEAM = 8CL4U468K5;
				GENERATE_INFOPLIST_FILE = YES;
				MARKETING_VERSION = 1.0;
				PRODUCT_BUNDLE_IDENTIFIER = "com.585.UI-491UITests";
				PRODUCT_NAME = "$(TARGET_NAME)";
				SWIFT_EMIT_LOC_STRINGS = NO;
				SWIFT_VERSION = 5.0;
				TARGETED_DEVICE_FAMILY = "1,2";
				TEST_TARGET_NAME = "UI-491";
			};
			name = Debug;
		};
		4728646927D1A9CF00FCE454 /* Release */ = {
			isa = XCBuildConfiguration;
			buildSettings = {
				ALWAYS_EMBED_SWIFT_STANDARD_LIBRARIES = YES;
				CODE_SIGN_STYLE = Automatic;
				CURRENT_PROJECT_VERSION = 1;
				DEVELOPMENT_TEAM = 8CL4U468K5;
				GENERATE_INFOPLIST_FILE = YES;
				MARKETING_VERSION = 1.0;
				PRODUCT_BUNDLE_IDENTIFIER = "com.585.UI-491UITests";
				PRODUCT_NAME = "$(TARGET_NAME)";
				SWIFT_EMIT_LOC_STRINGS = NO;
				SWIFT_VERSION = 5.0;
				TARGETED_DEVICE_FAMILY = "1,2";
				TEST_TARGET_NAME = "UI-491";
			};
			name = Release;
		};
/* End XCBuildConfiguration section */

/* Begin XCConfigurationList section */
		4728643827D1A9CD00FCE454 /* Build configuration list for PBXProject "UI-491" */ = {
			isa = XCConfigurationList;
			buildConfigurations = (
				4728645F27D1A9CF00FCE454 /* Debug */,
				4728646027D1A9CF00FCE454 /* Release */,
			);
			defaultConfigurationIsVisible = 0;
			defaultConfigurationName = Release;
		};
		4728646127D1A9CF00FCE454 /* Build configuration list for PBXNativeTarget "UI-491" */ = {
			isa = XCConfigurationList;
			buildConfigurations = (
				4728646227D1A9CF00FCE454 /* Debug */,
				4728646327D1A9CF00FCE454 /* Release */,
			);
			defaultConfigurationIsVisible = 0;
			defaultConfigurationName = Release;
		};
		4728646427D1A9CF00FCE454 /* Build configuration list for PBXNativeTarget "UI-491Tests" */ = {
			isa = XCConfigurationList;
			buildConfigurations = (
				4728646527D1A9CF00FCE454 /* Debug */,
				4728646627D1A9CF00FCE454 /* Release */,
			);
			defaultConfigurationIsVisible = 0;
			defaultConfigurationName = Release;
		};
		4728646727D1A9CF00FCE454 /* Build configuration list for PBXNativeTarget "UI-491UITests" */ = {
			isa = XCConfigurationList;
			buildConfigurations = (
				4728646827D1A9CF00FCE454 /* Debug */,
				4728646927D1A9CF00FCE454 /* Release */,
			);
			defaultConfigurationIsVisible = 0;
			defaultConfigurationName = Release;
		};
/* End XCConfigurationList section */
	};
	rootObject = 4728643527D1A9CD00FCE454 /* Project object */;
}
